# This file is automatically @generated by Cargo.
# It is not intended for manual editing.
[[package]]
name = "cc"
version = "1.0.37"
source = "registry+https://github.com/rust-lang/crates.io-index"

[[package]]
name = "cloudflare-zlib"
version = "0.2.2"
source = "registry+https://github.com/rust-lang/crates.io-index"
dependencies = [
 "cloudflare-zlib-sys 0.2.0 (registry+https://github.com/rust-lang/crates.io-index)",
]

[[package]]
name = "cloudflare-zlib-sys"
version = "0.2.0"
source = "registry+https://github.com/rust-lang/crates.io-index"
dependencies = [
 "cc 1.0.37 (registry+https://github.com/rust-lang/crates.io-index)",
]

[[package]]
name = "inflater"
version = "0.1.0"
dependencies = [
 "cloudflare-zlib 0.2.2 (registry+https://github.com/rust-lang/crates.io-index)",
]

[metadata]
"checksum cc 1.0.37 (registry+https://github.com/rust-lang/crates.io-index)" = "39f75544d7bbaf57560d2168f28fd649ff9c76153874db88bdbdfd839b1a7e7d"
"checksum cloudflare-zlib 0.2.2 (registry+https://github.com/rust-lang/crates.io-index)" = "cd97a72b7777ef134de513cef589e48c393dc2ea7180ff6dca87dcd3ee078dac"
"checksum cloudflare-zlib-sys 0.2.0 (registry+https://github.com/rust-lang/crates.io-index)" = "7e195cb274a0d6ee87e718838a09baecd7cbc9f6075dac256a84cb5842739c06"
